
Microsoft Visual Studio Solution File, Format Version 12.00
# Visual Studio Version 17
VisualStudioVersion = 17.9.34728.123
MinimumVisualStudioVersion = 10.0.40219.1
Project("{FAE04EC0-301F-11D3-BF4B-00C04F79EFBC}") = "Plataforma EAD", "Plataforma EAD.csproj", "{FBB2CC07-A023-4902-B6B7-46E219C5D49C}"
EndProject
Global
	GlobalSection(SolutionConfigurationPlatforms) = preSolution
		Debug|Any CPU = Debug|Any CPU
		Release|Any CPU = Release|Any CPU
	EndGlobalSection
	GlobalSection(ProjectConfigurationPlatforms) = postSolution
		{FBB2CC07-A023-4902-B6B7-46E219C5D49C}.Debug|Any CPU.ActiveCfg = Debug|Any CPU
		{FBB2CC07-A023-4902-B6B7-46E219C5D49C}.Debug|Any CPU.Build.0 = Debug|Any CPU
		{FBB2CC07-A023-4902-B6B7-46E219C5D49C}.Release|Any CPU.ActiveCfg = Release|Any CPU
		{FBB2CC07-A023-4902-B6B7-46E219C5D49C}.Release|Any CPU.Build.0 = Release|Any CPU
	EndGlobalSection
	GlobalSection(SolutionProperties) = preSolution
		HideSolutionNode = FALSE
	EndGlobalSection
	GlobalSection(ExtensibilityGlobals) = postSolution
		SolutionGuid = {1942CFF3-5E4B-4EEE-8347-B44F30188855}
	EndGlobalSection
EndGlobal
